Microsoft Visual Studio Solution File, Format Version 12.00
# Visual Studio Version 17
VisualStudioVersion = 17.5.2.0
MinimumVisualStudioVersion = 10.0.40219.1
Project("{FAE04EC0-301F-11D3-BF4B-00C04F79EFBC}") = "draw_point", "draw_point\draw_point.csproj", "{BDB6D9E1-88A3-7A88-A287-74785996424A}"
EndProject
Project("{2150E333-8FDC-42A3-9474-1A3956D46DE8}") = "code", "code", "{314C6247-30EA-3492-19B6-DF847E3B326F}"
EndProject
Project("{FAE04EC0-301F-11D3-BF4B-00C04F79EFBC}") = "ExportToSolidWorks", "code\ExportToSolidWorks\ExportToSolidWorks.csproj", "{493CF6F1-B321-4ADD-415B-D581A206D654}"
EndProject
Global
	GlobalSection(SolutionConfigurationPlatforms) = preSolution
		Debug|Any CPU = Debug|Any CPU
		Release|Any CPU = Release|Any CPU
	EndGlobalSection
	GlobalSection(ProjectConfigurationPlatforms) = postSolution
		{BDB6D9E1-88A3-7A88-A287-74785996424A}.Debug|Any CPU.ActiveCfg = Debug|Any CPU
		{BDB6D9E1-88A3-7A88-A287-74785996424A}.Debug|Any CPU.Build.0 = Debug|Any CPU
		{BDB6D9E1-88A3-7A88-A287-74785996424A}.Release|Any CPU.ActiveCfg = Release|Any CPU
		{BDB6D9E1-88A3-7A88-A287-74785996424A}.Release|Any CPU.Build.0 = Release|Any CPU
		{493CF6F1-B321-4ADD-415B-D581A206D654}.Debug|Any CPU.ActiveCfg = Debug|Any CPU
		{493CF6F1-B321-4ADD-415B-D581A206D654}.Debug|Any CPU.Build.0 = Debug|Any CPU
		{493CF6F1-B321-4ADD-415B-D581A206D654}.Release|Any CPU.ActiveCfg = Release|Any CPU
		{493CF6F1-B321-4ADD-415B-D581A206D654}.Release|Any CPU.Build.0 = Release|Any CPU
	EndGlobalSection
	GlobalSection(SolutionProperties) = preSolution
		HideSolutionNode = FALSE
	EndGlobalSection
	GlobalSection(NestedProjects) = preSolution
		{493CF6F1-B321-4ADD-415B-D581A206D654} = {314C6247-30EA-3492-19B6-DF847E3B326F}
	EndGlobalSection
	GlobalSection(ExtensibilityGlobals) = postSolution
		SolutionGuid = {B74779FA-4EA0-490B-920A-767F186DA358}
	EndGlobalSection
EndGlobal
